// !$*UTF8*$!
{
	archiveVersion = 1;
	classes = {
	};
	objectVersion = 46;
	objects = {

/* Begin PBXBuildFile section */
		A9D575F81BC4C12D002ADF8C /* AppDelegate.swift in Sources */ = {isa = PBXBuildFile; fileRef = A9D575F71BC4C12D002ADF8C /* AppDelegate.swift */; };
		A9D575FA1BC4C12D002ADF8C /* ViewController.swift in Sources */ = {isa = PBXBuildFile; fileRef = A9D575F91BC4C12D002ADF8C /* ViewController.swift */; };
		A9D575FF1BC4C12D002ADF8C /* Assets.xcassets in Resources */ = {isa = PBXBuildFile; fileRef = A9D575FE1BC4C12D002ADF8C /* Assets.xcassets */; };
		A9D576021BC4C12D002ADF8C /* LaunchScreen.storyboard in Resources */ = {isa = PBXBuildFile; fileRef = A9D576001BC4C12D002ADF8C /* LaunchScreen.storyboard */; };
		A9D5760A1BC4C722002ADF8C /* AddViewController.swift in Sources */ = {isa = PBXBuildFile; fileRef = A9D576091BC4C722002ADF8C /* AddViewController.swift */; settings = {ASSET_TAGS = (); }; };
		A9D5760C1BC4CB8B002ADF8C /* header.png in Resources */ = {isa = PBXBuildFile; fileRef = A9D5760B1BC4CB8B002ADF8C /* header.png */; settings = {ASSET_TAGS = (); }; };
		A9D5760E1BC4F001002ADF8C /* Contact.swift in Sources */ = {isa = PBXBuildFile; fileRef = A9D5760D1BC4F001002ADF8C /* Contact.swift */; settings = {ASSET_TAGS = (); }; };
/* End PBXBuildFile section */

/* Begin PBXFileReference section */
		A9D575F41BC4C12D002ADF8C /* AddressBook.app */ = {isa = PBXFileReference; explicitFileType = wrapper.application; includeInIndex = 0; path = AddressBook.app; sourceTree = BUILT_PRODUCTS_DIR; };
		A9D575F71BC4C12D002ADF8C /* AppDelegate.swift */ = {isa = PBXFileReference; lastKnownFileType = sourcecode.swift; path = AppDelegate.swift; sourceTree = "<group>"; };
		A9D575F91BC4C12D002ADF8C /* ViewController.swift */ = {isa = PBXFileReference; lastKnownFileType = sourcecode.swift; path = ViewController.swift; sourceTree = "<group>"; };
		A9D575FE1BC4C12D002ADF8C /* Assets.xcassets */ = {isa = PBXFileReference; lastKnownFileType = folder.assetcatalog; path = Assets.xcassets; sourceTree = "<group>"; };
		A9D576011BC4C12D002ADF8C /* Base */ = {isa = PBXFileReference; lastKnownFileType = file.storyboard; name = Base; path = Base.lproj/LaunchScreen.storyboard; sourceTree = "<group>"; };
		A9D576031BC4C12D002ADF8C /* Info.plist */ = {isa = PBXFileReference; lastKnownFileType = text.plist.xml; path = Info.plist; sourceTree = "<group>"; };
		A9D576091BC4C722002ADF8C /* AddViewController.swift */ = {isa = PBXFileReference; fileEncoding = 4; lastKnownFileType = sourcecode.swift; path = AddViewController.swift; sourceTree = "<group>"; };
		A9D5760B1BC4CB8B002ADF8C /* header.png */ = {isa = PBXFileReference; lastKnownFileType = image.png; path = header.png; sourceTree = "<group>"; };
		A9D5760D1BC4F001002ADF8C /* Contact.swift */ = {isa = PBXFileReference; fileEncoding = 4; lastKnownFileType = sourcecode.swift; path = Contact.swift; sourceTree = "<group>"; };
/* End PBXFileReference section */

/* Begin PBXFrameworksBuildPhase section */
		A9D575F11BC4C12D002ADF8C /* Frameworks */ = {
			isa = PBXFrameworksBuildPhase;
			buildActionMask = 2147483647;
			files = (
			);
			runOnlyForDeploymentPostprocessing = 0;
		};
/* End PBXFrameworksBuildPhase section */

/* Begin PBXGroup section */
		A9D575EB1BC4C12D002ADF8C = {
			isa = PBXGroup;
			children = (
				A9D575F61BC4C12D002ADF8C /* AddressBook */,
				A9D575F51BC4C12D002ADF8C /* Products */,
			);
			sourceTree = "<group>";
		};
		A9D575F51BC4C12D002ADF8C /* Products */ = {
			isa = PBXGroup;
			children = (
				A9D575F41BC4C12D002ADF8C /* AddressBook.app */,
			);
			name = Products;
			sourceTree = "<group>";
		};
		A9D575F61BC4C12D002ADF8C /* AddressBook */ = {
			isa = PBXGroup;
			children = (
				A9D575F71BC4C12D002ADF8C /* AppDelegate.swift */,
				A9D575F91BC4C12D002ADF8C /* ViewController.swift */,
				A9D576091BC4C722002ADF8C /* AddViewController.swift */,
				A9D5760D1BC4F001002ADF8C /* Contact.swift */,
				A9D5760B1BC4CB8B002ADF8C /* header.png */,
				A9D575FE1BC4C12D002ADF8C /* Assets.xcassets */,
				A9D576001BC4C12D002ADF8C /* LaunchScreen.storyboard */,
				A9D576031BC4C12D002ADF8C /* Info.plist */,
			);
			path = AddressBook;
			sourceTree = "<group>";
		};
/* End PBXGroup section */

/* Begin PBXNativeTarget section */
		A9D575F31BC4C12D002ADF8C /* AddressBook */ = {
			isa = PBXNativeTarget;
			buildConfigurationList = A9D576061BC4C12D002ADF8C /* Build configuration list for PBXNativeTarget "AddressBook" */;
			buildPhases = (
				A9D575F01BC4C12D002ADF8C /* Sources */,
				A9D575F11BC4C12D002ADF8C /* Frameworks */,
				A9D575F21BC4C12D002ADF8C /* Resources */,
			);
			buildRules = (
			);
			dependencies = (
			);
			name = AddressBook;
			productName = AddressBook;
			productReference = A9D575F41BC4C12D002ADF8C /* AddressBook.app */;
			productType = "com.apple.product-type.application";
		};
/* End PBXNativeTarget section */

/* Begin PBXProject section */
		A9D575EC1BC4C12D002ADF8C /* Project object */ = {
			isa = PBXProject;
			attributes = {
				LastUpgradeCheck = 0700;
				ORGANIZATIONNAME = xuzheng;
				TargetAttributes = {
					A9D575F31BC4C12D002ADF8C = {
						CreatedOnToolsVersion = 7.0.1;
						DevelopmentTeam = NNX63T84X4;
					};
				};
			};
			buildConfigurationList = A9D575EF1BC4C12D002ADF8C /* Build configuration list for PBXProject "AddressBook" */;
			compatibilityVersion = "Xcode 3.2";
			developmentRegion = English;
			hasScannedForEncodings = 0;
			knownRegions = (
				en,
				Base,
			);
			mainGroup = A9D575EB1BC4C12D002ADF8C;
			productRefGroup = A9D575F51BC4C12D002ADF8C /* Products */;
			projectDirPath = "";
			projectRoot = "";
			targets = (
				A9D575F31BC4C12D002ADF8C /* AddressBook */,
			);
		};
/* End PBXProject section */

/* Begin PBXResourcesBuildPhase section */
		A9D575F21BC4C12D002ADF8C /* Resources */ = {
			isa = PBXResourcesBuildPhase;
			buildActionMask = 2147483647;
			files = (
				A9D5760C1BC4CB8B002ADF8C /* header.png in Resources */,
				A9D576021BC4C12D002ADF8C /* LaunchScreen.storyboard in Resources */,
				A9D575FF1BC4C12D002ADF8C /* Assets.xcassets in Resources */,
			);
			runOnlyForDeploymentPostprocessing = 0;
		};
/* End PBXResourcesBuildPhase section */

/* Begin PBXSourcesBuildPhase section */
		A9D575F01BC4C12D002ADF8C /* Sources */ = {
			isa = PBXSourcesBuildPhase;
			buildActionMask = 2147483647;
			files = (
				A9D5760E1BC4F001002ADF8C /* Contact.swift in Sources */,
				A9D575FA1BC4C12D002ADF8C /* ViewController.swift in Sources */,
				A9D575F81BC4C12D002ADF8C /* AppDelegate.swift in Sources */,
				A9D5760A1BC4C722002ADF8C /* AddViewController.swift in Sources */,
			);
			runOnlyForDeploymentPostprocessing = 0;
		};
/* End PBXSourcesBuildPhase section */

/* Begin PBXVariantGroup section */
		A9D576001BC4C12D002ADF8C /* LaunchScreen.storyboard */ = {
			isa = PBXVariantGroup;
			children = (
				A9D576011BC4C12D002ADF8C /* Base */,
			);
			name = LaunchScreen.storyboard;
			sourceTree = "<group>";
		};
/* End PBXVariantGroup section */

/* Begin XCBuildConfiguration section */
		A9D576041BC4C12D002ADF8C /* Debug */ = {
			isa = XCBuildConfiguration;
			buildSettings = {
				ALWAYS_SEARCH_USER_PATHS = NO;
				CLANG_CXX_LANGUAGE_STANDARD = "gnu++0x";
				CLANG_CXX_LIBRARY = "libc++";
				CLANG_ENABLE_MODULES = YES;
				CLANG_ENABLE_OBJC_ARC = YES;
				CLANG_WARN_BOOL_CONVERSION = YES;
				CLANG_WARN_CONSTANT_CONVERSION = YES;
				CLANG_WARN_DIRECT_OBJC_ISA_USAGE = YES_ERROR;
				CLANG_WARN_EMPTY_BODY = YES;
				CLANG_WARN_ENUM_CONVERSION = YES;
				CLANG_WARN_INT_CONVERSION = YES;
				CLANG_WARN_OBJC_ROOT_CLASS = YES_ERROR;
				CLANG_WARN_UNREACHABLE_CODE = YES;
				CLANG_WARN__DUPLICATE_METHOD_MATCH = YES;
				"CODE_SIGN_IDENTITY[sdk=iphoneos*]" = "iPhone Developer";
				COPY_PHASE_STRIP = NO;
				DEBUG_INFORMATION_FORMAT = dwarf;
				ENABLE_STRICT_OBJC_MSGSEND = YES;
				ENABLE_TESTABILITY = YES;
				GCC_C_LANGUAGE_STANDARD = gnu99;
				GCC_DYNAMIC_NO_PIC = NO;
				GCC_NO_COMMON_BLOCKS = YES;
				GCC_OPTIMIZATION_LEVEL = 0;
				GCC_PREPROCESSOR_DEFINITIONS = (
					"DEBUG=1",
					"$(inherited)",
				);
				GCC_WARN_64_TO_32_BIT_CONVERSION = YES;
				GCC_WARN_ABOUT_RETURN_TYPE = YES_ERROR;
				GCC_WARN_UNDECLARED_SELECTOR = YES;
				GCC_WARN_UNINITIALIZED_AUTOS = YES_AGGRESSIVE;
				GCC_WARN_UNUSED_FUNCTION = YES;
				GCC_WARN_UNUSED_VARIABLE = YES;
				IPHONEOS_DEPLOYMENT_TARGET = 9.0;
				MTL_ENABLE_DEBUG_INFO = YES;
				ONLY_ACTIVE_ARCH = YES;
				SDKROOT = iphoneos;
				SWIFT_OPTIMIZATION_LEVEL = "-Onone";
			};
			name = Debug;
		};
		A9D576051BC4C12D002ADF8C /* Release */ = {
			isa = XCBuildConfiguration;
			buildSettings = {
				ALWAYS_SEARCH_USER_PATHS = NO;
				CLANG_CXX_LANGUAGE_STANDARD = "gnu++0x";
				CLANG_CXX_LIBRARY = "libc++";
				CLANG_ENABLE_MODULES = YES;
				CLANG_ENABLE_OBJC_ARC = YES;
				CLANG_WARN_BOOL_CONVERSION = YES;
				CLANG_WARN_CONSTANT_CONVERSION = YES;
				CLANG_WARN_DIRECT_OBJC_ISA_USAGE = YES_ERROR;
				CLANG_WARN_EMPTY_BODY = YES;
				CLANG_WARN_ENUM_CONVERSION = YES;
				CLANG_WARN_INT_CONVERSION = YES;
				CLANG_WARN_OBJC_ROOT_CLASS = YES_ERROR;
				CLANG_WARN_UNREACHABLE_CODE = YES;
				CLANG_WARN__DUPLICATE_METHOD_MATCH = YES;
				"CODE_SIGN_IDENTITY[sdk=iphoneos*]" = "iPhone Developer";
				COPY_PHASE_STRIP = NO;
				DEBUG_INFORMATION_FORMAT = "dwarf-with-dsym";
				ENABLE_NS_ASSERTIONS = NO;
				ENABLE_STRICT_OBJC_MSGSEND = YES;
				GCC_C_LANGUAGE_STANDARD = gnu99;
				GCC_NO_COMMON_BLOCKS = YES;
				GCC_WARN_64_TO_32_BIT_CONVERSION = YES;
				GCC_WARN_ABOUT_RETURN_TYPE = YES_ERROR;
				GCC_WARN_UNDECLARED_SELECTOR = YES;
				GCC_WARN_UNINITIALIZED_AUTOS = YES_AGGRESSIVE;
				GCC_WARN_UNUSED_FUNCTION = YES;
				GCC_WARN_UNUSED_VARIABLE = YES;
				IPHONEOS_DEPLOYMENT_TARGET = 9.0;
				MTL_ENABLE_DEBUG_INFO = NO;
				SDKROOT = iphoneos;
				VALIDATE_PRODUCT = YES;
			};
			name = Release;
		};
		A9D576071BC4C12D002ADF8C /* Debug */ = {
			isa = XCBuildConfiguration;
			buildSettings = {
				ASSETCATALOG_COMPILER_APPICON_NAME = AppIcon;
				INFOPLIST_FILE = AddressBook/Info.plist;
				LD_RUNPATH_SEARCH_PATHS = "$(inherited) @executable_path/Frameworks";
				PRODUCT_BUNDLE_IDENTIFIER = com.xuzheng.AddressBook;
				PRODUCT_NAME = "$(TARGET_NAME)";
			};
			name = Debug;
		};
		A9D576081BC4C12D002ADF8C /* Release */ = {
			isa = XCBuildConfiguration;
			buildSettings = {
				ASSETCATALOG_COMPILER_APPICON_NAME = AppIcon;
				INFOPLIST_FILE = AddressBook/Info.plist;
				LD_RUNPATH_SEARCH_PATHS = "$(inherited) @executable_path/Frameworks";
				PRODUCT_BUNDLE_IDENTIFIER = com.xuzheng.AddressBook;
				PRODUCT_NAME = "$(TARGET_NAME)";
			};
			name = Release;
		};
/* End XCBuildConfiguration section */

/* Begin XCConfigurationList section */
		A9D575EF1BC4C12D002ADF8C /* Build configuration list for PBXProject "AddressBook" */ = {
			isa = XCConfigurationList;
			buildConfigurations = (
				A9D576041BC4C12D002ADF8C /* Debug */,
				A9D576051BC4C12D002ADF8C /* Release */,
			);
			defaultConfigurationIsVisible = 0;
			defaultConfigurationName = Release;
		};
		A9D576061BC4C12D002ADF8C /* Build configuration list for PBXNativeTarget "AddressBook" */ = {
			isa = XCConfigurationList;
			buildConfigurations = (
				A9D576071BC4C12D002ADF8C /* Debug */,
				A9D576081BC4C12D002ADF8C /* Release */,
			);
			defaultConfigurationIsVisible = 0;
		};
/* End XCConfigurationList section */
	};
	rootObject = A9D575EC1BC4C12D002ADF8C /* Project object */;
}
